
Microsoft Visual Studio Solution File, Format Version 12.00
# Visual Studio Version 17
VisualStudioVersion = 17.10.35027.167
MinimumVisualStudioVersion = 10.0.40219.1
Project("{FAE04EC0-301F-11D3-BF4B-00C04F79EFBC}") = "FarmApp", "FarmWinform\FarmApp.csproj", "{6632AFEB-0C99-44C3-B0AB-C047ED89B58F}"
EndProject
Global
	GlobalSection(SolutionConfigurationPlatforms) = preSolution
		Debug|Any CPU = Debug|Any CPU
		Release|Any CPU = Release|Any CPU
	EndGlobalSection
	GlobalSection(ProjectConfigurationPlatforms) = postSolution
		{6632AFEB-0C99-44C3-B0AB-C047ED89B58F}.Debug|Any CPU.ActiveCfg = Debug|Any CPU
		{6632AFEB-0C99-44C3-B0AB-C047ED89B58F}.Debug|Any CPU.Build.0 = Debug|Any CPU
		{6632AFEB-0C99-44C3-B0AB-C047ED89B58F}.Release|Any CPU.ActiveCfg = Release|Any CPU
		{6632AFEB-0C99-44C3-B0AB-C047ED89B58F}.Release|Any CPU.Build.0 = Release|Any CPU
	EndGlobalSection
	GlobalSection(SolutionProperties) = preSolution
		HideSolutionNode = FALSE
	EndGlobalSection
	GlobalSection(ExtensibilityGlobals) = postSolution
		SolutionGuid = {0C0DA3E4-812A-4AAB-898A-5F2D1D7ED76B}
	EndGlobalSection
EndGlobal
